
Microsoft Visual Studio Solution File, Format Version 11.00
# Visual C# Express 2010
Project("{FAE04EC0-301F-11D3-BF4B-00C04F79EFBC}") = "qSharp", "qSharp\qSharp.csproj", "{E8542C7D-B1DD-45E3-9C43-5DDCBA351D39}"
EndProject
Project("{FAE04EC0-301F-11D3-BF4B-00C04F79EFBC}") = "RemoteConsole", "RemoteConsole\RemoteConsole.csproj", "{6D25F8D7-8A23-4FBF-A6CD-4216D114C2B1}"
EndProject
Project("{FAE04EC0-301F-11D3-BF4B-00C04F79EFBC}") = "Subscriber", "Subscriber\Subscriber.csproj", "{B07B83BB-C583-4F3E-9712-CCD9772D871F}"
	ProjectSection(ProjectDependencies) = postProject
		{E8542C7D-B1DD-45E3-9C43-5DDCBA351D39} = {E8542C7D-B1DD-45E3-9C43-5DDCBA351D39}
	EndProjectSection
EndProject
Project("{FAE04EC0-301F-11D3-BF4B-00C04F79EFBC}") = "TickClient", "TickClient\TickClient.csproj", "{1F1D4781-7AA5-4CC0-AF06-F59647BCE3C2}"
EndProject
Project("{FAE04EC0-301F-11D3-BF4B-00C04F79EFBC}") = "Publisher", "Publisher\Publisher.csproj", "{B15D3DA0-6303-4E96-A42F-323B6804E21F}"
EndProject
Project("{FAE04EC0-301F-11D3-BF4B-00C04F79EFBC}") = "Distribution", "Distribution\Distribution.csproj", "{BA1AF6D0-8633-4D7E-AA60-E00B7916733D}"
EndProject
Project("{FAE04EC0-301F-11D3-BF4B-00C04F79EFBC}") = "AsynchQuery", "AsynchClient\AsynchQuery.csproj", "{EC7DE4EA-9B0C-4EA7-A2F6-F5AA0325897C}"
	ProjectSection(ProjectDependencies) = postProject
		{E8542C7D-B1DD-45E3-9C43-5DDCBA351D39} = {E8542C7D-B1DD-45E3-9C43-5DDCBA351D39}
	EndProjectSection
EndProject
Project("{FAE04EC0-301F-11D3-BF4B-00C04F79EFBC}") = "TickSubscriber", "TickSubscriber\TickSubscriber.csproj", "{B241AA8E-DA37-49EA-836D-A3734921BC54}"
EndProject
Global
	GlobalSection(SolutionConfigurationPlatforms) = preSolution
		Debug|Any CPU = Debug|Any CPU
		Debug|Mixed Platforms = Debug|Mixed Platforms
		Debug|x86 = Debug|x86
		Release|Any CPU = Release|Any CPU
		Release|Mixed Platforms = Release|Mixed Platforms
		Release|x86 = Release|x86
	EndGlobalSection
	GlobalSection(ProjectConfigurationPlatforms) = postSolution
		{E8542C7D-B1DD-45E3-9C43-5DDCBA351D39}.Debug|Any CPU.ActiveCfg = Debug|Any CPU
		{E8542C7D-B1DD-45E3-9C43-5DDCBA351D39}.Debug|Any CPU.Build.0 = Debug|Any CPU
		{E8542C7D-B1DD-45E3-9C43-5DDCBA351D39}.Debug|Mixed Platforms.ActiveCfg = Debug|Any CPU
		{E8542C7D-B1DD-45E3-9C43-5DDCBA351D39}.Debug|Mixed Platforms.Build.0 = Debug|Any CPU
		{E8542C7D-B1DD-45E3-9C43-5DDCBA351D39}.Debug|x86.ActiveCfg = Debug|Any CPU
		{E8542C7D-B1DD-45E3-9C43-5DDCBA351D39}.Debug|x86.Build.0 = Debug|Any CPU
		{E8542C7D-B1DD-45E3-9C43-5DDCBA351D39}.Release|Any CPU.ActiveCfg = Release|Any CPU
		{E8542C7D-B1DD-45E3-9C43-5DDCBA351D39}.Release|Any CPU.Build.0 = Release|Any CPU
		{E8542C7D-B1DD-45E3-9C43-5DDCBA351D39}.Release|Mixed Platforms.ActiveCfg = Release|Any CPU
		{E8542C7D-B1DD-45E3-9C43-5DDCBA351D39}.Release|Mixed Platforms.Build.0 = Release|Any CPU
		{E8542C7D-B1DD-45E3-9C43-5DDCBA351D39}.Release|x86.ActiveCfg = Release|Any CPU
		{E8542C7D-B1DD-45E3-9C43-5DDCBA351D39}.Release|x86.Build.0 = Release|Any CPU
		{6D25F8D7-8A23-4FBF-A6CD-4216D114C2B1}.Debug|Any CPU.ActiveCfg = Debug|x86
		{6D25F8D7-8A23-4FBF-A6CD-4216D114C2B1}.Debug|Mixed Platforms.ActiveCfg = Debug|x86
		{6D25F8D7-8A23-4FBF-A6CD-4216D114C2B1}.Debug|Mixed Platforms.Build.0 = Debug|x86
		{6D25F8D7-8A23-4FBF-A6CD-4216D114C2B1}.Debug|x86.ActiveCfg = Debug|x86
		{6D25F8D7-8A23-4FBF-A6CD-4216D114C2B1}.Debug|x86.Build.0 = Debug|x86
		{6D25F8D7-8A23-4FBF-A6CD-4216D114C2B1}.Release|Any CPU.ActiveCfg = Release|x86
		{6D25F8D7-8A23-4FBF-A6CD-4216D114C2B1}.Release|Mixed Platforms.ActiveCfg = Release|x86
		{6D25F8D7-8A23-4FBF-A6CD-4216D114C2B1}.Release|Mixed Platforms.Build.0 = Release|x86
		{6D25F8D7-8A23-4FBF-A6CD-4216D114C2B1}.Release|x86.ActiveCfg = Release|x86
		{6D25F8D7-8A23-4FBF-A6CD-4216D114C2B1}.Release|x86.Build.0 = Release|x86
		{B07B83BB-C583-4F3E-9712-CCD9772D871F}.Debug|Any CPU.ActiveCfg = Debug|x86
		{B07B83BB-C583-4F3E-9712-CCD9772D871F}.Debug|Mixed Platforms.ActiveCfg = Debug|x86
		{B07B83BB-C583-4F3E-9712-CCD9772D871F}.Debug|Mixed Platforms.Build.0 = Debug|x86
		{B07B83BB-C583-4F3E-9712-CCD9772D871F}.Debug|x86.ActiveCfg = Debug|x86
		{B07B83BB-C583-4F3E-9712-CCD9772D871F}.Debug|x86.Build.0 = Debug|x86
		{B07B83BB-C583-4F3E-9712-CCD9772D871F}.Release|Any CPU.ActiveCfg = Release|x86
		{B07B83BB-C583-4F3E-9712-CCD9772D871F}.Release|Mixed Platforms.ActiveCfg = Release|x86
		{B07B83BB-C583-4F3E-9712-CCD9772D871F}.Release|Mixed Platforms.Build.0 = Release|x86
		{B07B83BB-C583-4F3E-9712-CCD9772D871F}.Release|x86.ActiveCfg = Release|x86
		{B07B83BB-C583-4F3E-9712-CCD9772D871F}.Release|x86.Build.0 = Release|x86
		{1F1D4781-7AA5-4CC0-AF06-F59647BCE3C2}.Debug|Any CPU.ActiveCfg = Debug|x86
		{1F1D4781-7AA5-4CC0-AF06-F59647BCE3C2}.Debug|Mixed Platforms.ActiveCfg = Debug|x86
		{1F1D4781-7AA5-4CC0-AF06-F59647BCE3C2}.Debug|Mixed Platforms.Build.0 = Debug|x86
		{1F1D4781-7AA5-4CC0-AF06-F59647BCE3C2}.Debug|x86.ActiveCfg = Debug|x86
		{1F1D4781-7AA5-4CC0-AF06-F59647BCE3C2}.Debug|x86.Build.0 = Debug|x86
		{1F1D4781-7AA5-4CC0-AF06-F59647BCE3C2}.Release|Any CPU.ActiveCfg = Release|x86
		{1F1D4781-7AA5-4CC0-AF06-F59647BCE3C2}.Release|Mixed Platforms.ActiveCfg = Release|x86
		{1F1D4781-7AA5-4CC0-AF06-F59647BCE3C2}.Release|Mixed Platforms.Build.0 = Release|x86
		{1F1D4781-7AA5-4CC0-AF06-F59647BCE3C2}.Release|x86.ActiveCfg = Release|x86
		{1F1D4781-7AA5-4CC0-AF06-F59647BCE3C2}.Release|x86.Build.0 = Release|x86
		{B15D3DA0-6303-4E96-A42F-323B6804E21F}.Debug|Any CPU.ActiveCfg = Debug|x86
		{B15D3DA0-6303-4E96-A42F-323B6804E21F}.Debug|Mixed Platforms.ActiveCfg = Debug|x86
		{B15D3DA0-6303-4E96-A42F-323B6804E21F}.Debug|Mixed Platforms.Build.0 = Debug|x86
		{B15D3DA0-6303-4E96-A42F-323B6804E21F}.Debug|x86.ActiveCfg = Debug|x86
		{B15D3DA0-6303-4E96-A42F-323B6804E21F}.Debug|x86.Build.0 = Debug|x86
		{B15D3DA0-6303-4E96-A42F-323B6804E21F}.Release|Any CPU.ActiveCfg = Release|x86
		{B15D3DA0-6303-4E96-A42F-323B6804E21F}.Release|Mixed Platforms.ActiveCfg = Release|x86
		{B15D3DA0-6303-4E96-A42F-323B6804E21F}.Release|Mixed Platforms.Build.0 = Release|x86
		{B15D3DA0-6303-4E96-A42F-323B6804E21F}.Release|x86.ActiveCfg = Release|x86
		{B15D3DA0-6303-4E96-A42F-323B6804E21F}.Release|x86.Build.0 = Release|x86
		{BA1AF6D0-8633-4D7E-AA60-E00B7916733D}.Debug|Any CPU.ActiveCfg = Debug|x86
		{BA1AF6D0-8633-4D7E-AA60-E00B7916733D}.Debug|Mixed Platforms.ActiveCfg = Debug|x86
		{BA1AF6D0-8633-4D7E-AA60-E00B7916733D}.Debug|Mixed Platforms.Build.0 = Debug|x86
		{BA1AF6D0-8633-4D7E-AA60-E00B7916733D}.Debug|x86.ActiveCfg = Debug|x86
		{BA1AF6D0-8633-4D7E-AA60-E00B7916733D}.Debug|x86.Build.0 = Debug|x86
		{BA1AF6D0-8633-4D7E-AA60-E00B7916733D}.Release|Any CPU.ActiveCfg = Release|x86
		{BA1AF6D0-8633-4D7E-AA60-E00B7916733D}.Release|Mixed Platforms.ActiveCfg = Release|x86
		{BA1AF6D0-8633-4D7E-AA60-E00B7916733D}.Release|Mixed Platforms.Build.0 = Release|x86
		{BA1AF6D0-8633-4D7E-AA60-E00B7916733D}.Release|x86.ActiveCfg = Release|x86
		{BA1AF6D0-8633-4D7E-AA60-E00B7916733D}.Release|x86.Build.0 = Release|x86
		{EC7DE4EA-9B0C-4EA7-A2F6-F5AA0325897C}.Debug|Any CPU.ActiveCfg = Debug|x86
		{EC7DE4EA-9B0C-4EA7-A2F6-F5AA0325897C}.Debug|Mixed Platforms.ActiveCfg = Debug|x86
		{EC7DE4EA-9B0C-4EA7-A2F6-F5AA0325897C}.Debug|Mixed Platforms.Build.0 = Debug|x86
		{EC7DE4EA-9B0C-4EA7-A2F6-F5AA0325897C}.Debug|x86.ActiveCfg = Debug|x86
		{EC7DE4EA-9B0C-4EA7-A2F6-F5AA0325897C}.Debug|x86.Build.0 = Debug|x86
		{EC7DE4EA-9B0C-4EA7-A2F6-F5AA0325897C}.Release|Any CPU.ActiveCfg = Release|x86
		{EC7DE4EA-9B0C-4EA7-A2F6-F5AA0325897C}.Release|Mixed Platforms.ActiveCfg = Release|x86
		{EC7DE4EA-9B0C-4EA7-A2F6-F5AA0325897C}.Release|Mixed Platforms.Build.0 = Release|x86
		{EC7DE4EA-9B0C-4EA7-A2F6-F5AA0325897C}.Release|x86.ActiveCfg = Release|x86
		{EC7DE4EA-9B0C-4EA7-A2F6-F5AA0325897C}.Release|x86.Build.0 = Release|x86
		{B241AA8E-DA37-49EA-836D-A3734921BC54}.Debug|Any CPU.ActiveCfg = Debug|x86
		{B241AA8E-DA37-49EA-836D-A3734921BC54}.Debug|Mixed Platforms.ActiveCfg = Debug|x86
		{B241AA8E-DA37-49EA-836D-A3734921BC54}.Debug|Mixed Platforms.Build.0 = Debug|x86
		{B241AA8E-DA37-49EA-836D-A3734921BC54}.Debug|x86.ActiveCfg = Debug|x86
		{B241AA8E-DA37-49EA-836D-A3734921BC54}.Debug|x86.Build.0 = Debug|x86
		{B241AA8E-DA37-49EA-836D-A3734921BC54}.Release|Any CPU.ActiveCfg = Release|x86
		{B241AA8E-DA37-49EA-836D-A3734921BC54}.Release|Mixed Platforms.ActiveCfg = Release|x86
		{B241AA8E-DA37-49EA-836D-A3734921BC54}.Release|Mixed Platforms.Build.0 = Release|x86
		{B241AA8E-DA37-49EA-836D-A3734921BC54}.Release|x86.ActiveCfg = Release|x86
		{B241AA8E-DA37-49EA-836D-A3734921BC54}.Release|x86.Build.0 = Release|x86
	EndGlobalSection
	GlobalSection(SolutionProperties) = preSolution
		HideSolutionNode = FALSE
	EndGlobalSection
EndGlobal
